{
    "_readme": [
        "This file locks the dependencies of your project to a known state",
        "Read more about it at https://getcomposer.org/doc/01-basic-usage.md#installing-dependencies",
        "This file is @generated automatically"
    ],
    "content-hash": "5d01035fb26e911b8dc1c945fc1b96d9",
    "packages": [
        {
            "name": "dg/composer-cleaner",
            "version": "v2.0",
            "source": {
                "type": "git",
                "url": "https://github.com/dg/composer-cleaner.git",
                "reference": "41db7585dc9f2f345020931c76091dd3936df930"
            },
            "dist": {
                "type": "zip",
                "url": "https://api.github.com/repos/dg/composer-cleaner/zipball/41db7585dc9f2f345020931c76091dd3936df930",
                "reference": "41db7585dc9f2f345020931c76091dd3936df930",
                "shasum": ""
            },
            "require": {
                "composer-plugin-api": "^1.0",
                "php": ">=5.4.0"
            },
            "require-dev": {
                "nette/tester": "^1.7"
            },
            "type": "composer-plugin",
            "extra": {
                "class": "DG\\ComposerCleaner\\Plugin"
            },
            "autoload": {
                "classmap": [
                    "src/"
                ]
            },
            "notification-url": "https://packagist.org/downloads/",
            "license": [
                "BSD-3-Clause"
            ],
            "authors": [
                {
                    "name": "David Grudl",
                    "homepage": "https://davidgrudl.com"
                }
            ],
            "description": "Victor The Cleaner: removes unnecessary files from vendor directory.",
            "keywords": [
                "composer"
            ],
            "time": "2017-09-20T12:41:46+00:00"
        },
        {
            "name": "gumlet/php-image-resize",
            "version": "1.9.2",
            "source": {
                "type": "git",
                "url": "https://github.com/gumlet/php-image-resize.git",
                "reference": "06339a9c1b167acd58173db226f57957a6617547"
            },
            "dist": {
                "type": "zip",
                "url": "https://api.github.com/repos/gumlet/php-image-resize/zipball/06339a9c1b167acd58173db226f57957a6617547",
                "reference": "06339a9c1b167acd58173db226f57957a6617547",
                "shasum": ""
            },
            "require": {
                "ext-fileinfo": "*",
                "ext-gd": "*",
                "php": ">=5.5.0"
            },
            "require-dev": {
                "apigen/apigen": "^4.1",
                "ext-exif": "*",
                "ext-gd": "*",
                "php-coveralls/php-coveralls": "^2.1",
                "phpunit/phpunit": "^4.8"
            },
            "suggest": {
                "ext-exif": "Auto-rotate jpeg files"
            },
            "type": "library",
            "autoload": {
                "psr-4": {
                    "Gumlet\\": "lib/"
                }
            },
            "notification-url": "https://packagist.org/downloads/",
            "license": [
                "MIT"
            ],
            "authors": [
                {
                    "name": "Aditya Patadia",
                    "homepage": "http://aditya.patadia.org/"
                }
            ],
            "description": "PHP class to re-size and scale images",
            "homepage": "https://github.com/gumlet/php-image-resize",
            "keywords": [
                "image",
                "php",
                "resize",
                "scale"
            ],
            "time": "2019-01-01T13:53:00+00:00"
        }
    ],
    "packages-dev": [],
    "aliases": [],
    "minimum-stability": "stable",
    "stability-flags": [],
    "prefer-stable": false,
    "prefer-lowest": false,
    "platform": [],
    "platform-dev": []
}
