{
    "_readme": [
        "This file locks the dependencies of your project to a known state",
        "Read more about it at https://getcomposer.org/doc/01-basic-usage.md#installing-dependencies",
        "This file is @generated automatically"
    ],
    "content-hash": "53273166fff7d17bc11a9b6836fd1196",
    "packages": [
        {
            "name": "claviska/simpleimage",
            "version": "3.6.3",
            "source": {
                "type": "git",
                "url": "https://github.com/claviska/SimpleImage.git",
                "reference": "21b6f4bf4ef1927158b3e29bd0c2d99c6681c750"
            },
            "dist": {
                "type": "zip",
                "url": "https://api.github.com/repos/claviska/SimpleImage/zipball/21b6f4bf4ef1927158b3e29bd0c2d99c6681c750",
                "reference": "21b6f4bf4ef1927158b3e29bd0c2d99c6681c750",
                "shasum": ""
            },
            "require": {
                "ext-gd": "*",
                "league/color-extractor": "0.3.*",
                "php": ">=5.6.0"
            },
            "type": "library",
            "autoload": {
                "psr-0": {
                    "claviska": "src/"
                }
            },
            "notification-url": "https://packagist.org/downloads/",
            "license": [
                "MIT"
            ],
            "authors": [
                {
                    "name": "Cory LaViska",
                    "homepage": "http://www.abeautifulsite.net/",
                    "role": "Developer"
                }
            ],
            "description": "A PHP class that makes working with images as simple as possible.",
            "support": {
                "issues": "https://github.com/claviska/SimpleImage/issues",
                "source": "https://github.com/claviska/SimpleImage/tree/3.6.3"
            },
            "funding": [
                {
                    "url": "https://github.com/claviska",
                    "type": "github"
                }
            ],
            "time": "2021-04-20T12:18:18+00:00"
        },
        {
            "name": "league/color-extractor",
            "version": "0.3.2",
            "source": {
                "type": "git",
                "url": "https://github.com/thephpleague/color-extractor.git",
                "reference": "837086ec60f50c84c611c613963e4ad2e2aec806"
            },
            "dist": {
                "type": "zip",
                "url": "https://api.github.com/repos/thephpleague/color-extractor/zipball/837086ec60f50c84c611c613963e4ad2e2aec806",
                "reference": "837086ec60f50c84c611c613963e4ad2e2aec806",
                "shasum": ""
            },
            "require": {
                "ext-gd": "*",
                "php": ">=5.4.0"
            },
            "replace": {
                "matthecat/colorextractor": "*"
            },
            "require-dev": {
                "friendsofphp/php-cs-fixer": "~2",
                "phpunit/phpunit": "~5"
            },
            "type": "library",
            "autoload": {
                "psr-4": {
                    "": "src"
                }
            },
            "notification-url": "https://packagist.org/downloads/",
            "license": [
                "MIT"
            ],
            "authors": [
                {
                    "name": "Mathieu Lechat",
                    "email": "math.lechat@gmail.com",
                    "homepage": "http://matthecat.com",
                    "role": "Developer"
                }
            ],
            "description": "Extract colors from an image as a human would do.",
            "homepage": "https://github.com/thephpleague/color-extractor",
            "keywords": [
                "color",
                "extract",
                "human",
                "image",
                "palette"
            ],
            "support": {
                "issues": "https://github.com/thephpleague/color-extractor/issues",
                "source": "https://github.com/thephpleague/color-extractor/tree/master"
            },
            "time": "2016-12-15T09:30:02+00:00"
        },
        {
            "name": "phpmailer/phpmailer",
            "version": "v6.4.1",
            "source": {
                "type": "git",
                "url": "https://github.com/PHPMailer/PHPMailer.git",
                "reference": "9256f12d8fb0cd0500f93b19e18c356906cbed3d"
            },
            "dist": {
                "type": "zip",
                "url": "https://api.github.com/repos/PHPMailer/PHPMailer/zipball/9256f12d8fb0cd0500f93b19e18c356906cbed3d",
                "reference": "9256f12d8fb0cd0500f93b19e18c356906cbed3d",
                "shasum": ""
            },
            "require": {
                "ext-ctype": "*",
                "ext-filter": "*",
                "ext-hash": "*",
                "php": ">=5.5.0"
            },
            "require-dev": {
                "dealerdirect/phpcodesniffer-composer-installer": "^0.7.0",
                "doctrine/annotations": "^1.2",
                "phpcompatibility/php-compatibility": "^9.3.5",
                "roave/security-advisories": "dev-latest",
                "squizlabs/php_codesniffer": "^3.5.6",
                "yoast/phpunit-polyfills": "^0.2.0"
            },
            "suggest": {
                "ext-mbstring": "Needed to send email in multibyte encoding charset or decode encoded addresses",
                "hayageek/oauth2-yahoo": "Needed for Yahoo XOAUTH2 authentication",
                "league/oauth2-google": "Needed for Google XOAUTH2 authentication",
                "psr/log": "For optional PSR-3 debug logging",
                "stevenmaguire/oauth2-microsoft": "Needed for Microsoft XOAUTH2 authentication",
                "symfony/polyfill-mbstring": "To support UTF-8 if the Mbstring PHP extension is not enabled (^1.2)"
            },
            "type": "library",
            "autoload": {
                "psr-4": {
                    "PHPMailer\\PHPMailer\\": "src/"
                }
            },
            "notification-url": "https://packagist.org/downloads/",
            "license": [
                "LGPL-2.1-only"
            ],
            "authors": [
                {
                    "name": "Marcus Bointon",
                    "email": "phpmailer@synchromedia.co.uk"
                },
                {
                    "name": "Jim Jagielski",
                    "email": "jimjag@gmail.com"
                },
                {
                    "name": "Andy Prevost",
                    "email": "codeworxtech@users.sourceforge.net"
                },
                {
                    "name": "Brent R. Matzelle"
                }
            ],
            "description": "PHPMailer is a full-featured email creation and transfer class for PHP",
            "support": {
                "issues": "https://github.com/PHPMailer/PHPMailer/issues",
                "source": "https://github.com/PHPMailer/PHPMailer/tree/v6.4.1"
            },
            "funding": [
                {
                    "url": "https://github.com/Synchro",
                    "type": "github"
                }
            ],
            "time": "2021-04-29T12:25:04+00:00"
        }
    ],
    "packages-dev": [],
    "aliases": [],
    "minimum-stability": "stable",
    "stability-flags": [],
    "prefer-stable": false,
    "prefer-lowest": false,
    "platform": [],
    "platform-dev": [],
    "plugin-api-version": "2.0.0"
}
